
Microsoft Visual Studio Solution File, Format Version 12.00
# Visual Studio Version 16
VisualStudioVersion = 16.0.29411.108
MinimumVisualStudioVersion = 10.0.40219.1
Project("{9A19103F-16F7-4668-BE54-9A1E7A4F7556}") = "Editor", "Editor\Editor.csproj", "{ADEAB544-1BD0-4914-B321-43F91C2313AE}"
EndProject
Project("{9A19103F-16F7-4668-BE54-9A1E7A4F7556}") = "Engine", "Engine\Engine.csproj", "{B6F06CC8-106B-4BE4-9E92-CDAEB9D777AC}"
EndProject
Project("{9A19103F-16F7-4668-BE54-9A1E7A4F7556}") = "Game", "Game\Game.csproj", "{82A6462C-7922-4FBF-884C-725C6D507C64}"
EndProject
Project("{9A19103F-16F7-4668-BE54-9A1E7A4F7556}") = "Engine.Implementation", "Engine.Implementation\Engine.Implementation.csproj", "{BA498887-F6A0-436E-AE3B-DBA482EFFC98}"
EndProject
Project("{FAE04EC0-301F-11D3-BF4B-00C04F79EFBC}") = "Server", "Server\Server.csproj", "{E2237E3F-114B-4CF5-B108-4612A080A212}"
EndProject
Global
	GlobalSection(SolutionConfigurationPlatforms) = preSolution
		Debug|Any CPU = Debug|Any CPU
		Debug|x64 = Debug|x64
		Release|Any CPU = Release|Any CPU
		Release|x64 = Release|x64
	EndGlobalSection
	GlobalSection(ProjectConfigurationPlatforms) = postSolution
		{ADEAB544-1BD0-4914-B321-43F91C2313AE}.Debug|Any CPU.ActiveCfg = Debug|Any CPU
		{ADEAB544-1BD0-4914-B321-43F91C2313AE}.Debug|Any CPU.Build.0 = Debug|Any CPU
		{ADEAB544-1BD0-4914-B321-43F91C2313AE}.Debug|x64.ActiveCfg = Debug|Any CPU
		{ADEAB544-1BD0-4914-B321-43F91C2313AE}.Debug|x64.Build.0 = Debug|Any CPU
		{ADEAB544-1BD0-4914-B321-43F91C2313AE}.Release|Any CPU.ActiveCfg = Release|Any CPU
		{ADEAB544-1BD0-4914-B321-43F91C2313AE}.Release|Any CPU.Build.0 = Release|Any CPU
		{ADEAB544-1BD0-4914-B321-43F91C2313AE}.Release|x64.ActiveCfg = Release|Any CPU
		{ADEAB544-1BD0-4914-B321-43F91C2313AE}.Release|x64.Build.0 = Release|Any CPU
		{B6F06CC8-106B-4BE4-9E92-CDAEB9D777AC}.Debug|Any CPU.ActiveCfg = Debug|Any CPU
		{B6F06CC8-106B-4BE4-9E92-CDAEB9D777AC}.Debug|Any CPU.Build.0 = Debug|Any CPU
		{B6F06CC8-106B-4BE4-9E92-CDAEB9D777AC}.Debug|x64.ActiveCfg = Debug|Any CPU
		{B6F06CC8-106B-4BE4-9E92-CDAEB9D777AC}.Debug|x64.Build.0 = Debug|Any CPU
		{B6F06CC8-106B-4BE4-9E92-CDAEB9D777AC}.Release|Any CPU.ActiveCfg = Release|Any CPU
		{B6F06CC8-106B-4BE4-9E92-CDAEB9D777AC}.Release|Any CPU.Build.0 = Release|Any CPU
		{B6F06CC8-106B-4BE4-9E92-CDAEB9D777AC}.Release|x64.ActiveCfg = Release|Any CPU
		{B6F06CC8-106B-4BE4-9E92-CDAEB9D777AC}.Release|x64.Build.0 = Release|Any CPU
		{82A6462C-7922-4FBF-884C-725C6D507C64}.Debug|Any CPU.ActiveCfg = Debug|Any CPU
		{82A6462C-7922-4FBF-884C-725C6D507C64}.Debug|Any CPU.Build.0 = Debug|Any CPU
		{82A6462C-7922-4FBF-884C-725C6D507C64}.Debug|x64.ActiveCfg = Debug|Any CPU
		{82A6462C-7922-4FBF-884C-725C6D507C64}.Debug|x64.Build.0 = Debug|Any CPU
		{82A6462C-7922-4FBF-884C-725C6D507C64}.Release|Any CPU.ActiveCfg = Release|Any CPU
		{82A6462C-7922-4FBF-884C-725C6D507C64}.Release|Any CPU.Build.0 = Release|Any CPU
		{82A6462C-7922-4FBF-884C-725C6D507C64}.Release|x64.ActiveCfg = Release|Any CPU
		{82A6462C-7922-4FBF-884C-725C6D507C64}.Release|x64.Build.0 = Release|Any CPU
		{BA498887-F6A0-436E-AE3B-DBA482EFFC98}.Debug|Any CPU.ActiveCfg = Debug|Any CPU
		{BA498887-F6A0-436E-AE3B-DBA482EFFC98}.Debug|Any CPU.Build.0 = Debug|Any CPU
		{BA498887-F6A0-436E-AE3B-DBA482EFFC98}.Debug|x64.ActiveCfg = Debug|Any CPU
		{BA498887-F6A0-436E-AE3B-DBA482EFFC98}.Debug|x64.Build.0 = Debug|Any CPU
		{BA498887-F6A0-436E-AE3B-DBA482EFFC98}.Release|Any CPU.ActiveCfg = Release|Any CPU
		{BA498887-F6A0-436E-AE3B-DBA482EFFC98}.Release|Any CPU.Build.0 = Release|Any CPU
		{BA498887-F6A0-436E-AE3B-DBA482EFFC98}.Release|x64.ActiveCfg = Release|Any CPU
		{BA498887-F6A0-436E-AE3B-DBA482EFFC98}.Release|x64.Build.0 = Release|Any CPU
		{E2237E3F-114B-4CF5-B108-4612A080A212}.Debug|Any CPU.ActiveCfg = Debug|Any CPU
		{E2237E3F-114B-4CF5-B108-4612A080A212}.Debug|Any CPU.Build.0 = Debug|Any CPU
		{E2237E3F-114B-4CF5-B108-4612A080A212}.Debug|x64.ActiveCfg = Debug|Any CPU
		{E2237E3F-114B-4CF5-B108-4612A080A212}.Debug|x64.Build.0 = Debug|Any CPU
		{E2237E3F-114B-4CF5-B108-4612A080A212}.Release|Any CPU.ActiveCfg = Release|Any CPU
		{E2237E3F-114B-4CF5-B108-4612A080A212}.Release|Any CPU.Build.0 = Release|Any CPU
		{E2237E3F-114B-4CF5-B108-4612A080A212}.Release|x64.ActiveCfg = Release|Any CPU
		{E2237E3F-114B-4CF5-B108-4612A080A212}.Release|x64.Build.0 = Release|Any CPU
	EndGlobalSection
	GlobalSection(SolutionProperties) = preSolution
		HideSolutionNode = FALSE
	EndGlobalSection
	GlobalSection(ExtensibilityGlobals) = postSolution
		SolutionGuid = {AB29003F-97EF-4D28-BABB-AF9458DCEB2A}
	EndGlobalSection
EndGlobal
